
Microsoft Visual Studio Solution File, Format Version 12.00
# Visual Studio Version 16
VisualStudioVersion = 16.0.29806.167
MinimumVisualStudioVersion = 10.0.40219.1
Project("{9A19103F-16F7-4668-BE54-9A1E7A4F7556}") = "ML.Xncf.Tests", "ML.Xncf.Tests\ML.Xncf.Tests.csproj", "{45612163-6FF9-4B16-862C-B088FB55F94B}"
EndProject
Project("{9A19103F-16F7-4668-BE54-9A1E7A4F7556}") = "ML.Xncf.Docs", "ML.Xncf.Docs\ML.Xncf.Docs.csproj", "{71290C45-D090-4937-AEE4-58A8E92F23A2}"
EndProject
Project("{9A19103F-16F7-4668-BE54-9A1E7A4F7556}") = "ML.Xncf.Swagger", "ML.Xncf.Swagger\ML.Xncf.Swagger.csproj", "{CBD7512E-90D1-49F7-983A-BDABE7765616}"
EndProject
Global
	GlobalSection(SolutionConfigurationPlatforms) = preSolution
		Debug|Any CPU = Debug|Any CPU
		Release|Any CPU = Release|Any CPU
		Test|Any CPU = Test|Any CPU
	EndGlobalSection
	GlobalSection(ProjectConfigurationPlatforms) = postSolution
		{45612163-6FF9-4B16-862C-B088FB55F94B}.Debug|Any CPU.ActiveCfg = Debug|Any CPU
		{45612163-6FF9-4B16-862C-B088FB55F94B}.Release|Any CPU.ActiveCfg = Release|Any CPU
		{45612163-6FF9-4B16-862C-B088FB55F94B}.Release|Any CPU.Build.0 = Release|Any CPU
		{45612163-6FF9-4B16-862C-B088FB55F94B}.Test|Any CPU.ActiveCfg = Debug|Any CPU
		{45612163-6FF9-4B16-862C-B088FB55F94B}.Test|Any CPU.Build.0 = Debug|Any CPU
		{71290C45-D090-4937-AEE4-58A8E92F23A2}.Debug|Any CPU.ActiveCfg = Debug|Any CPU
		{71290C45-D090-4937-AEE4-58A8E92F23A2}.Debug|Any CPU.Build.0 = Debug|Any CPU
		{71290C45-D090-4937-AEE4-58A8E92F23A2}.Release|Any CPU.ActiveCfg = Release|Any CPU
		{71290C45-D090-4937-AEE4-58A8E92F23A2}.Release|Any CPU.Build.0 = Release|Any CPU
		{71290C45-D090-4937-AEE4-58A8E92F23A2}.Test|Any CPU.ActiveCfg = Test|Any CPU
		{71290C45-D090-4937-AEE4-58A8E92F23A2}.Test|Any CPU.Build.0 = Test|Any CPU
		{CBD7512E-90D1-49F7-983A-BDABE7765616}.Debug|Any CPU.ActiveCfg = Debug|Any CPU
		{CBD7512E-90D1-49F7-983A-BDABE7765616}.Debug|Any CPU.Build.0 = Debug|Any CPU
		{CBD7512E-90D1-49F7-983A-BDABE7765616}.Release|Any CPU.ActiveCfg = Release|Any CPU
		{CBD7512E-90D1-49F7-983A-BDABE7765616}.Release|Any CPU.Build.0 = Release|Any CPU
		{CBD7512E-90D1-49F7-983A-BDABE7765616}.Test|Any CPU.ActiveCfg = Test|Any CPU
		{CBD7512E-90D1-49F7-983A-BDABE7765616}.Test|Any CPU.Build.0 = Test|Any CPU
	EndGlobalSection
	GlobalSection(SolutionProperties) = preSolution
		HideSolutionNode = FALSE
	EndGlobalSection
	GlobalSection(ExtensibilityGlobals) = postSolution
		SolutionGuid = {614C60CF-EC2E-4AB3-85F6-B4520ACE2373}
	EndGlobalSection
EndGlobal
